
Microsoft Visual Studio Solution File, Format Version 12.00
# Visual Studio Version 16
VisualStudioVersion = 16.0.29403.142
MinimumVisualStudioVersion = 10.0.40219.1
Project("{FAE04EC0-301F-11D3-BF4B-00C04F79EFBC}") = "PS_Hospital_System_Project_2019", "PS_Hospital_System_Project_2019.csproj", "{7874D05C-68BB-4365-954D-2EA499914CA6}"
EndProject
Global
	GlobalSection(SolutionConfigurationPlatforms) = preSolution
		Debug|Any CPU = Debug|Any CPU
		Release|Any CPU = Release|Any CPU
	EndGlobalSection
	GlobalSection(ProjectConfigurationPlatforms) = postSolution
		{7874D05C-68BB-4365-954D-2EA499914CA6}.Debug|Any CPU.ActiveCfg = Debug|Any CPU
		{7874D05C-68BB-4365-954D-2EA499914CA6}.Debug|Any CPU.Build.0 = Debug|Any CPU
		{7874D05C-68BB-4365-954D-2EA499914CA6}.Release|Any CPU.ActiveCfg = Release|Any CPU
		{7874D05C-68BB-4365-954D-2EA499914CA6}.Release|Any CPU.Build.0 = Release|Any CPU
	EndGlobalSection
	GlobalSection(SolutionProperties) = preSolution
		HideSolutionNode = FALSE
	EndGlobalSection
	GlobalSection(ExtensibilityGlobals) = postSolution
		SolutionGuid = {CB750C92-DC25-4AA0-82C5-0416348C4C46}
	EndGlobalSection
EndGlobal
